{
  "nodes": {
    "colmena": {
      "inputs": {
        "flake-compat": [
          "flake-compat"
        ],
        "flake-utils": "flake-utils",
        "nixpkgs": [
          "nixpkgs"
        ],
        "stable": [
          "nixpkgs-stable-2305"
        ]
      },
      "locked": {
        "lastModified": 1699171528,
        "narHash": "sha256-ZsN6y+tgN5w84oAqRQpMhIvQM39ZNSZoZvn2AK0QYr4=",
        "owner": "zhaofengli",
        "repo": "colmena",
        "rev": "665603956a1c3040d756987bc7a810ffe86a3b15",
        "type": "github"
      },
      "original": {
        "owner": "zhaofengli",
        "repo": "colmena",
        "type": "github"
      }
    },
    "constellation-moe": {
      "flake": false,
      "locked": {
        "lastModified": 1692647699,
        "narHash": "sha256-BIS0FszC5slwWslhZ5yyYDgi3Nys/ITyI5Ak4R/GYlk=",
        "ref": "refs/heads/main",
        "rev": "873fec87032e82c6425df414d26bb06f7599d650",
        "revCount": 3,
        "type": "git",
        "url": "ssh://git@github.com/ConstellationNRV/constellation.moe"
      },
      "original": {
        "type": "git",
        "url": "ssh://git@github.com/ConstellationNRV/constellation.moe"
      }
    },
    "declarative-flatpak": {
      "inputs": {
        "nixpkgs": "nixpkgs",
        "utils": "utils"
      },
      "locked": {
        "lastModified": 1701334529,
        "narHash": "sha256-bkvO6vqAHBEwBdov1O4/0feK38g9z+qMCBm6/UtvlWY=",
        "owner": "GermanBread",
        "repo": "declarative-flatpak",
        "rev": "5cad4f2ea95e8bd92eed1de01718c2a6d312b471",
        "type": "github"
      },
      "original": {
        "owner": "GermanBread",
        "ref": "stable",
        "repo": "declarative-flatpak",
        "type": "github"
      }
    },
    "flake-compat": {
      "flake": false,
      "locked": {
        "lastModified": 1696426674,
        "narHash": "sha256-kvjfFW7WAETZlt09AgDn1MrtKzP7t90Vf7vypd3OL1U=",
        "owner": "edolstra",
        "repo": "flake-compat",
        "rev": "0f9255e01c2351cc7d116c072cb317785dd33b33",
        "type": "github"
      },
      "original": {
        "owner": "edolstra",
        "repo": "flake-compat",
        "type": "github"
      }
    },
    "flake-parts": {
      "inputs": {
        "nixpkgs-lib": "nixpkgs-lib"
      },
      "locked": {
        "lastModified": 1701473968,
        "narHash": "sha256-YcVE5emp1qQ8ieHUnxt1wCZCC3ZfAS+SRRWZ2TMda7E=",
        "owner": "hercules-ci",
        "repo": "flake-parts",
        "rev": "34fed993f1674c8d06d58b37ce1e0fe5eebcb9f5",
        "type": "github"
      },
      "original": {
        "owner": "hercules-ci",
        "repo": "flake-parts",
        "type": "github"
      }
    },
    "flake-utils": {
      "locked": {
        "lastModified": 1659877975,
        "narHash": "sha256-zllb8aq3YO3h8B/U0/J1WBgAL8EX5yWf5pMj3G0NAmc=",
        "owner": "numtide",
        "repo": "flake-utils",
        "rev": "c0e246b9b83f637f4681389ecabcb2681b4f3af0",
        "type": "github"
      },
      "original": {
        "owner": "numtide",
        "repo": "flake-utils",
        "type": "github"
      }
    },
    "flake-utils_2": {
      "inputs": {
        "systems": "systems_2"
      },
      "locked": {
        "lastModified": 1681202837,
        "narHash": "sha256-H+Rh19JDwRtpVPAWp64F+rlEtxUWBAQW28eAi3SRSzg=",
        "owner": "numtide",
        "repo": "flake-utils",
        "rev": "cfacdce06f30d2b68473a46042957675eebb3401",
        "type": "github"
      },
      "original": {
        "owner": "numtide",
        "repo": "flake-utils",
        "type": "github"
      }
    },
    "gradient-generator": {
      "inputs": {
        "flake-utils": "flake-utils_2",
        "nixpkgs": "nixpkgs_2",
        "nixpkgs-latest": "nixpkgs-latest",
        "poetry2nix": "poetry2nix"
      },
      "locked": {
        "lastModified": 1698249294,
        "narHash": "sha256-tzNT99Bvaaq0TKgRwVY5k912uUKTjzSALyis6d6AYT0=",
        "ref": "refs/heads/master",
        "rev": "a2b39644a2ce809f65f6376bc52b77709d659790",
        "revCount": 92,
        "type": "git",
        "url": "ssh://git@github.com/Zumorica/gradient-generator"
      },
      "original": {
        "type": "git",
        "url": "ssh://git@github.com/Zumorica/gradient-generator"
      }
    },
    "gradient-moe": {
      "flake": false,
      "locked": {
        "lastModified": 1690456246,
        "narHash": "sha256-DZrpx95mYwbtz0XruIk+equtn8z45oSBjVAGskUcMDs=",
        "ref": "refs/heads/main",
        "rev": "35322ca3a718aa76cb2cf1b340bb697279c1e2f8",
        "revCount": 3,
        "type": "git",
        "url": "ssh://git@github.com/Zumorica/gradient.moe"
      },
      "original": {
        "type": "git",
        "url": "ssh://git@github.com/Zumorica/gradient.moe"
      }
    },
    "home-manager": {
      "inputs": {
        "nixpkgs": [
          "nixpkgs"
        ]
      },
      "locked": {
        "lastModified": 1703368619,
        "narHash": "sha256-ZGPMYL7FMA6enhuwby961bBANmoFX14EA86m2/Jw5Jo=",
        "owner": "nix-community",
        "repo": "home-manager",
        "rev": "a2523ea0343b056ba240abbac90ab5f116a7aa7b",
        "type": "github"
      },
      "original": {
        "owner": "nix-community",
        "ref": "master",
        "repo": "home-manager",
        "type": "github"
      }
    },
    "jovian-nixos": {
      "inputs": {
        "nix-github-actions": "nix-github-actions",
        "nixpkgs": [
          "nixpkgs"
        ]
      },
      "locked": {
        "lastModified": 1703229133,
        "narHash": "sha256-9Mj57V3FgZpQjSNv9b02GIx6GZWNRT8P1ZRKMk7dQK4=",
        "owner": "Jovian-Experiments",
        "repo": "Jovian-NixOS",
        "rev": "4d24d2ff927a8b8a698bbacdb1966045bcadf872",
        "type": "github"
      },
      "original": {
        "owner": "Jovian-Experiments",
        "repo": "Jovian-NixOS",
        "type": "github"
      }
    },
    "nix-gaming": {
      "inputs": {
        "flake-parts": "flake-parts",
        "nixpkgs": [
          "nixpkgs"
        ]
      },
      "locked": {
        "lastModified": 1703380831,
        "narHash": "sha256-JqptMO/EPgeeJOeyzF0whENAbKoN2DpMcr07fwwYy44=",
        "owner": "fufexan",
        "repo": "nix-gaming",
        "rev": "e12595103fee68cc57a9a16a6288c00f3d7ab828",
        "type": "github"
      },
      "original": {
        "owner": "fufexan",
        "repo": "nix-gaming",
        "type": "github"
      }
    },
    "nix-github-actions": {
      "inputs": {
        "nixpkgs": [
          "jovian-nixos",
          "nixpkgs"
        ]
      },
      "locked": {
        "lastModified": 1690328911,
        "narHash": "sha256-fxtExYk+aGf2YbjeWQ8JY9/n9dwuEt+ma1eUFzF8Jeo=",
        "owner": "zhaofengli",
        "repo": "nix-github-actions",
        "rev": "96df4a39c52f53cb7098b923224d8ce941b64747",
        "type": "github"
      },
      "original": {
        "owner": "zhaofengli",
        "ref": "matrix-name",
        "repo": "nix-github-actions",
        "type": "github"
      }
    },
    "nixlib": {
      "locked": {
        "lastModified": 1693701915,
        "narHash": "sha256-waHPLdDYUOHSEtMKKabcKIMhlUOHPOOPQ9UyFeEoovs=",
        "owner": "nix-community",
        "repo": "nixpkgs.lib",
        "rev": "f5af57d3ef9947a70ac86e42695231ac1ad00c25",
        "type": "github"
      },
      "original": {
        "owner": "nix-community",
        "repo": "nixpkgs.lib",
        "type": "github"
      }
    },
    "nixos-generators": {
      "inputs": {
        "nixlib": "nixlib",
        "nixpkgs": [
          "nixpkgs"
        ]
      },
      "locked": {
        "lastModified": 1701689616,
        "narHash": "sha256-ewnfgvRy73HoP5KnYmy1Rcr4m4yShvsb6TCCaKoW8pc=",
        "owner": "nix-community",
        "repo": "nixos-generators",
        "rev": "246219bc21b943c6f6812bb7744218ba0df08600",
        "type": "github"
      },
      "original": {
        "owner": "nix-community",
        "repo": "nixos-generators",
        "type": "github"
      }
    },
    "nixos-hardware": {
      "locked": {
        "lastModified": 1702453208,
        "narHash": "sha256-0wRi9SposfE2wHqjuKt8WO2izKB/ASDOV91URunIqgo=",
        "owner": "NixOS",
        "repo": "nixos-hardware",
        "rev": "7763c6fd1f299cb9361ff2abf755ed9619ef01d6",
        "type": "github"
      },
      "original": {
        "owner": "NixOS",
        "ref": "master",
        "repo": "nixos-hardware",
        "type": "github"
      }
    },
    "nixpkgs": {
      "locked": {
        "lastModified": 1701156937,
        "narHash": "sha256-jpMJOFvOTejx211D8z/gz0ErRtQPy6RXxgD2ZB86mso=",
        "owner": "NixOS",
        "repo": "nixpkgs",
        "rev": "7c4c20509c4363195841faa6c911777a134acdf3",
        "type": "github"
      },
      "original": {
        "owner": "NixOS",
        "ref": "nixos-23.11",
        "repo": "nixpkgs",
        "type": "github"
      }
    },
    "nixpkgs-latest": {
      "locked": {
        "lastModified": 1697915759,
        "narHash": "sha256-WyMj5jGcecD+KC8gEs+wFth1J1wjisZf8kVZH13f1Zo=",
        "owner": "NixOS",
        "repo": "nixpkgs",
        "rev": "51d906d2341c9e866e48c2efcaac0f2d70bfd43e",
        "type": "github"
      },
      "original": {
        "owner": "NixOS",
        "ref": "nixpkgs-unstable",
        "repo": "nixpkgs",
        "type": "github"
      }
    },
    "nixpkgs-lib": {
      "locked": {
        "dir": "lib",
        "lastModified": 1701253981,
        "narHash": "sha256-ztaDIyZ7HrTAfEEUt9AtTDNoCYxUdSd6NrRHaYOIxtk=",
        "owner": "NixOS",
        "repo": "nixpkgs",
        "rev": "e92039b55bcd58469325ded85d4f58dd5a4eaf58",
        "type": "github"
      },
      "original": {
        "dir": "lib",
        "owner": "NixOS",
        "ref": "nixos-unstable",
        "repo": "nixpkgs",
        "type": "github"
      }
    },
    "nixpkgs-stable-2305": {
      "locked": {
        "lastModified": 1703034876,
        "narHash": "sha256-4bMPFv/bs5g1nEsXQwXlrAGJgjv1Ilr0ejdaTkBwQLs=",
        "owner": "NixOS",
        "repo": "nixpkgs",
        "rev": "312ab59e8ade69e6083017bd9b98a2919f1fb86a",
        "type": "github"
      },
      "original": {
        "owner": "NixOS",
        "ref": "nixos-23.05",
        "repo": "nixpkgs",
        "type": "github"
      }
    },
    "nixpkgs_2": {
      "locked": {
        "lastModified": 1684120848,
        "narHash": "sha256-gIwJ5ac1FwZEkCRwjY+gLwgD4G1Bw3Xtr2jr2XihMPo=",
        "owner": "NixOS",
        "repo": "nixpkgs",
        "rev": "0cb867999eec4085e1c9ca61c09b72261fa63bb4",
        "type": "github"
      },
      "original": {
        "owner": "NixOS",
        "ref": "nixpkgs-unstable",
        "repo": "nixpkgs",
        "type": "github"
      }
    },
    "nixpkgs_3": {
      "locked": {
        "lastModified": 1703255338,
        "narHash": "sha256-Z6wfYJQKmDN9xciTwU3cOiOk+NElxdZwy/FiHctCzjU=",
        "owner": "NixOS",
        "repo": "nixpkgs",
        "rev": "6df37dc6a77654682fe9f071c62b4242b5342e04",
        "type": "github"
      },
      "original": {
        "owner": "NixOS",
        "ref": "nixos-unstable",
        "repo": "nixpkgs",
        "type": "github"
      }
    },
    "poetry2nix": {
      "inputs": {
        "flake-utils": [
          "gradient-generator",
          "flake-utils"
        ],
        "nixpkgs": [
          "gradient-generator",
          "nixpkgs"
        ]
      },
      "locked": {
        "lastModified": 1683715241,
        "narHash": "sha256-KUSaXa0WA3fHI2vyTXCqmBsDD6zWDEp1qsEVIJw67f8=",
        "owner": "nix-community",
        "repo": "poetry2nix",
        "rev": "2bd1cf7ca40e3f48d25a0300adbf541e7c10a5ac",
        "type": "github"
      },
      "original": {
        "owner": "nix-community",
        "repo": "poetry2nix",
        "type": "github"
      }
    },
    "root": {
      "inputs": {
        "colmena": "colmena",
        "constellation-moe": "constellation-moe",
        "declarative-flatpak": "declarative-flatpak",
        "flake-compat": "flake-compat",
        "gradient-generator": "gradient-generator",
        "gradient-moe": "gradient-moe",
        "home-manager": "home-manager",
        "jovian-nixos": "jovian-nixos",
        "nix-gaming": "nix-gaming",
        "nixos-generators": "nixos-generators",
        "nixos-hardware": "nixos-hardware",
        "nixpkgs": "nixpkgs_3",
        "nixpkgs-stable-2305": "nixpkgs-stable-2305",
        "sops-nix": "sops-nix",
        "ss14-watchdog": "ss14-watchdog",
        "vdo-ninja": "vdo-ninja"
      }
    },
    "sops-nix": {
      "inputs": {
        "nixpkgs": [
          "nixpkgs"
        ],
        "nixpkgs-stable": [
          "nixpkgs-stable-2305"
        ]
      },
      "locked": {
        "lastModified": 1703387502,
        "narHash": "sha256-JnWuQmyanPtF8c5yAEFXVWzaIlMxA3EAZCh8XNvnVqE=",
        "owner": "Mic92",
        "repo": "sops-nix",
        "rev": "e523e89763ff45f0a6cf15bcb1092636b1da9ed3",
        "type": "github"
      },
      "original": {
        "owner": "Mic92",
        "repo": "sops-nix",
        "type": "github"
      }
    },
    "ss14-watchdog": {
      "inputs": {
        "nixpkgs": [
          "nixpkgs"
        ]
      },
      "locked": {
        "lastModified": 1702664690,
        "narHash": "sha256-NP29HQ/5oDYxEytXAfdRZKLYTfJ3U3xxD4mw1rNSfL0=",
        "owner": "space-wizards",
        "repo": "SS14.Watchdog",
        "rev": "6b95fe2973f6abafe516e863360432987613b508",
        "type": "github"
      },
      "original": {
        "owner": "space-wizards",
        "repo": "SS14.Watchdog",
        "type": "github"
      }
    },
    "systems": {
      "locked": {
        "lastModified": 1681028828,
        "narHash": "sha256-Vy1rq5AaRuLzOxct8nz4T6wlgyUR7zLU309k9mBC768=",
        "owner": "nix-systems",
        "repo": "default",
        "rev": "da67096a3b9bf56a91d16901293e51ba5b49a27e",
        "type": "github"
      },
      "original": {
        "owner": "nix-systems",
        "repo": "default",
        "type": "github"
      }
    },
    "systems_2": {
      "locked": {
        "lastModified": 1681028828,
        "narHash": "sha256-Vy1rq5AaRuLzOxct8nz4T6wlgyUR7zLU309k9mBC768=",
        "owner": "nix-systems",
        "repo": "default",
        "rev": "da67096a3b9bf56a91d16901293e51ba5b49a27e",
        "type": "github"
      },
      "original": {
        "owner": "nix-systems",
        "repo": "default",
        "type": "github"
      }
    },
    "utils": {
      "inputs": {
        "systems": "systems"
      },
      "locked": {
        "lastModified": 1694529238,
        "narHash": "sha256-zsNZZGTGnMOf9YpHKJqMSsa0dXbfmxeoJ7xHlrt+xmY=",
        "owner": "numtide",
        "repo": "flake-utils",
        "rev": "ff7b65b44d01cf9ba6a71320833626af21126384",
        "type": "github"
      },
      "original": {
        "owner": "numtide",
        "repo": "flake-utils",
        "type": "github"
      }
    },
    "vdo-ninja": {
      "flake": false,
      "locked": {
        "lastModified": 1686777572,
        "narHash": "sha256-rgAhXZrYrXf8TYtGv027JuriQT9MXZjkvkRNrPTJo2g=",
        "owner": "steveseguin",
        "repo": "vdo.ninja",
        "rev": "ed1716c23ce8a2564e709c3b58b3bf4e82d33249",
        "type": "github"
      },
      "original": {
        "owner": "steveseguin",
        "ref": "v23.5",
        "repo": "vdo.ninja",
        "type": "github"
      }
    }
  },
  "root": "root",
  "version": 7
}
