{
  "nodes": {
    "flake-compat": {
      "flake": false,
      "locked": {
        "lastModified": 1673956053,
        "narHash": "sha256-4gtG9iQuiKITOjNQQeQIpoIB6b16fm+504Ch3sNKLd8=",
        "owner": "edolstra",
        "repo": "flake-compat",
        "rev": "35bb57c0c8d8b62bbfd284272c928ceb64ddbde9",
        "type": "github"
      },
      "original": {
        "owner": "edolstra",
        "repo": "flake-compat",
        "type": "github"
      }
    },
    "flake-parts": {
      "inputs": {
        "nixpkgs-lib": "nixpkgs-lib"
      },
      "locked": {
        "lastModified": 1675933616,
        "narHash": "sha256-/rczJkJHtx16IFxMmAWu5nNYcSXNg1YYXTHoGjLrLUA=",
        "owner": "hercules-ci",
        "repo": "flake-parts",
        "rev": "47478a4a003e745402acf63be7f9a092d51b83d7",
        "type": "github"
      },
      "original": {
        "owner": "hercules-ci",
        "repo": "flake-parts",
        "type": "github"
      }
    },
    "flake-utils": {
      "inputs": {
        "systems": "systems"
      },
      "locked": {
        "lastModified": 1681202837,
        "narHash": "sha256-H+Rh19JDwRtpVPAWp64F+rlEtxUWBAQW28eAi3SRSzg=",
        "owner": "numtide",
        "repo": "flake-utils",
        "rev": "cfacdce06f30d2b68473a46042957675eebb3401",
        "type": "github"
      },
      "original": {
        "owner": "numtide",
        "repo": "flake-utils",
        "type": "github"
      }
    },
    "gradient-generator": {
      "inputs": {
        "flake-utils": "flake-utils",
        "nixpkgs": [
          "nixpkgs"
        ],
        "poetry2nix": "poetry2nix"
      },
      "locked": {
        "lastModified": 1684181577,
        "narHash": "sha256-7mfvK4VwcsA4MmRxRUYHzvs+86udpOZAo5BA3TwEAMo=",
        "ref": "refs/heads/master",
        "rev": "973e57f70692db6372580e0c4aa56d0dbb87fb6c",
        "revCount": 75,
        "type": "git",
        "url": "ssh://git@github.com/Zumorica/gradient-generator"
      },
      "original": {
        "type": "git",
        "url": "ssh://git@github.com/Zumorica/gradient-generator"
      }
    },
    "home-manager": {
      "inputs": {
        "nixpkgs": [
          "nixpkgs"
        ]
      },
      "locked": {
        "lastModified": 1685019994,
        "narHash": "sha256-81o6SKZPALvib21hIOMx2lIhFSs0mRy0PfPvg0zsfTk=",
        "owner": "nix-community",
        "repo": "home-manager",
        "rev": "d1f04b0f365a34896a37d9015637796537ec88a3",
        "type": "github"
      },
      "original": {
        "owner": "nix-community",
        "ref": "master",
        "repo": "home-manager",
        "type": "github"
      }
    },
    "jovian-nixos": {
      "flake": false,
      "locked": {
        "lastModified": 1683159631,
        "narHash": "sha256-L+OYHlKDCZ+jNUi6wpVWlx6JTRB3pJ/8lvzOsIf5lVs=",
        "owner": "Jovian-Experiments",
        "repo": "Jovian-NixOS",
        "rev": "2a00ed5b1578bdb42af22f4ce6afe0ef524a7688",
        "type": "github"
      },
      "original": {
        "owner": "Jovian-Experiments",
        "repo": "Jovian-NixOS",
        "type": "github"
      }
    },
    "nix-gaming": {
      "inputs": {
        "flake-parts": "flake-parts",
        "nixpkgs": [
          "nixpkgs"
        ]
      },
      "locked": {
        "lastModified": 1684835544,
        "narHash": "sha256-RfxqpIUbVDcKsTw/e4Oc+ywrmWX1p4JrAOfpPFVXZ0k=",
        "owner": "fufexan",
        "repo": "nix-gaming",
        "rev": "057ae3f4ded2a24fecd674a861bc7e08ad74b3ca",
        "type": "github"
      },
      "original": {
        "owner": "fufexan",
        "repo": "nix-gaming",
        "type": "github"
      }
    },
    "nixlib": {
      "locked": {
        "lastModified": 1681001314,
        "narHash": "sha256-5sDnCLdrKZqxLPK4KA8+f4A3YKO/u6ElpMILvX0g72c=",
        "owner": "nix-community",
        "repo": "nixpkgs.lib",
        "rev": "367c0e1086a4eb4502b24d872cea2c7acdd557f4",
        "type": "github"
      },
      "original": {
        "owner": "nix-community",
        "repo": "nixpkgs.lib",
        "type": "github"
      }
    },
    "nixos-hardware": {
      "locked": {
        "lastModified": 1684899633,
        "narHash": "sha256-NtwerXX8UFsoNy6k+DukJMriWtEjQtMU/Urbff2O2Dg=",
        "owner": "NixOS",
        "repo": "nixos-hardware",
        "rev": "4cc688ee711159b9bcb5a367be44007934e1a49d",
        "type": "github"
      },
      "original": {
        "owner": "NixOS",
        "ref": "master",
        "repo": "nixos-hardware",
        "type": "github"
      }
    },
    "nixpkgs": {
      "locked": {
        "lastModified": 1684935479,
        "narHash": "sha256-6QMMsXMr2nhmOPHdti2j3KRHt+bai2zw+LJfdCl97Mk=",
        "owner": "NixOS",
        "repo": "nixpkgs",
        "rev": "f91ee3065de91a3531329a674a45ddcb3467a650",
        "type": "github"
      },
      "original": {
        "owner": "NixOS",
        "ref": "nixos-unstable",
        "repo": "nixpkgs",
        "type": "github"
      }
    },
    "nixpkgs-lib": {
      "locked": {
        "dir": "lib",
        "lastModified": 1675183161,
        "narHash": "sha256-Zq8sNgAxDckpn7tJo7V1afRSk2eoVbu3OjI1QklGLNg=",
        "owner": "NixOS",
        "repo": "nixpkgs",
        "rev": "e1e1b192c1a5aab2960bf0a0bd53a2e8124fa18e",
        "type": "github"
      },
      "original": {
        "dir": "lib",
        "owner": "NixOS",
        "ref": "nixos-unstable",
        "repo": "nixpkgs",
        "type": "github"
      }
    },
    "nixpkgs-stable": {
      "locked": {
        "lastModified": 1684632198,
        "narHash": "sha256-SdxMPd0WmU9MnDBuuy7ouR++GftrThmSGL7PCQj/uVI=",
        "owner": "NixOS",
        "repo": "nixpkgs",
        "rev": "d0dade110dc7072d67ce27826cfe9ab2ab0cf247",
        "type": "github"
      },
      "original": {
        "owner": "NixOS",
        "ref": "release-22.11",
        "repo": "nixpkgs",
        "type": "github"
      }
    },
    "nixpkgs-stable-2211": {
      "locked": {
        "lastModified": 1684936879,
        "narHash": "sha256-BOSq/QiX7MDs8tUnAt4+nYTJctgYkzVSNL95qlfMYeM=",
        "owner": "NixOS",
        "repo": "nixpkgs",
        "rev": "99fe1b870522d6ee3e692c2b6e663d6868a3fde4",
        "type": "github"
      },
      "original": {
        "owner": "NixOS",
        "ref": "nixos-22.11",
        "repo": "nixpkgs",
        "type": "github"
      }
    },
    "poetry2nix": {
      "inputs": {
        "flake-utils": [
          "gradient-generator",
          "flake-utils"
        ],
        "nixpkgs": [
          "gradient-generator",
          "nixpkgs"
        ]
      },
      "locked": {
        "lastModified": 1683715241,
        "narHash": "sha256-KUSaXa0WA3fHI2vyTXCqmBsDD6zWDEp1qsEVIJw67f8=",
        "owner": "nix-community",
        "repo": "poetry2nix",
        "rev": "2bd1cf7ca40e3f48d25a0300adbf541e7c10a5ac",
        "type": "github"
      },
      "original": {
        "owner": "nix-community",
        "repo": "poetry2nix",
        "type": "github"
      }
    },
    "root": {
      "inputs": {
        "flake-compat": "flake-compat",
        "gradient-generator": "gradient-generator",
        "home-manager": "home-manager",
        "jovian-nixos": "jovian-nixos",
        "nix-gaming": "nix-gaming",
        "nixlib": "nixlib",
        "nixos-hardware": "nixos-hardware",
        "nixpkgs": "nixpkgs",
        "nixpkgs-stable-2211": "nixpkgs-stable-2211",
        "sops-nix": "sops-nix"
      }
    },
    "sops-nix": {
      "inputs": {
        "nixpkgs": [
          "nixpkgs"
        ],
        "nixpkgs-stable": "nixpkgs-stable"
      },
      "locked": {
        "lastModified": 1684637723,
        "narHash": "sha256-0vAxL7MVMhGbTkAyvzLvleELHjVsaS43p+PR1h9gzNQ=",
        "owner": "Mic92",
        "repo": "sops-nix",
        "rev": "4ccdfb573f323a108a44c13bb7730e42baf962a9",
        "type": "github"
      },
      "original": {
        "owner": "Mic92",
        "repo": "sops-nix",
        "type": "github"
      }
    },
    "systems": {
      "locked": {
        "lastModified": 1681028828,
        "narHash": "sha256-Vy1rq5AaRuLzOxct8nz4T6wlgyUR7zLU309k9mBC768=",
        "owner": "nix-systems",
        "repo": "default",
        "rev": "da67096a3b9bf56a91d16901293e51ba5b49a27e",
        "type": "github"
      },
      "original": {
        "owner": "nix-systems",
        "repo": "default",
        "type": "github"
      }
    }
  },
  "root": "root",
  "version": 7
}
