{
  "nodes": {
    "colmena": {
      "inputs": {
        "flake-compat": [
          "flake-compat"
        ],
        "flake-utils": "flake-utils",
        "nixpkgs": [
          "nixpkgs"
        ],
        "stable": [
          "nixpkgs-stable-2305"
        ]
      },
      "locked": {
        "lastModified": 1688224393,
        "narHash": "sha256-rsAvFNhRFzTF7qyb6WprLFghJnRxMFjvD2e5/dqMp4I=",
        "owner": "zhaofengli",
        "repo": "colmena",
        "rev": "19384f3ee2058c56021e4465a3ec57e84a47d8dd",
        "type": "github"
      },
      "original": {
        "owner": "zhaofengli",
        "repo": "colmena",
        "type": "github"
      }
    },
    "flake-compat": {
      "flake": false,
      "locked": {
        "lastModified": 1673956053,
        "narHash": "sha256-4gtG9iQuiKITOjNQQeQIpoIB6b16fm+504Ch3sNKLd8=",
        "owner": "edolstra",
        "repo": "flake-compat",
        "rev": "35bb57c0c8d8b62bbfd284272c928ceb64ddbde9",
        "type": "github"
      },
      "original": {
        "owner": "edolstra",
        "repo": "flake-compat",
        "type": "github"
      }
    },
    "flake-parts": {
      "inputs": {
        "nixpkgs-lib": "nixpkgs-lib"
      },
      "locked": {
        "lastModified": 1688254665,
        "narHash": "sha256-8FHEgBrr7gYNiS/NzCxIO3m4hvtLRW9YY1nYo1ivm3o=",
        "owner": "hercules-ci",
        "repo": "flake-parts",
        "rev": "267149c58a14d15f7f81b4d737308421de9d7152",
        "type": "github"
      },
      "original": {
        "owner": "hercules-ci",
        "repo": "flake-parts",
        "type": "github"
      }
    },
    "flake-utils": {
      "locked": {
        "lastModified": 1659877975,
        "narHash": "sha256-zllb8aq3YO3h8B/U0/J1WBgAL8EX5yWf5pMj3G0NAmc=",
        "owner": "numtide",
        "repo": "flake-utils",
        "rev": "c0e246b9b83f637f4681389ecabcb2681b4f3af0",
        "type": "github"
      },
      "original": {
        "owner": "numtide",
        "repo": "flake-utils",
        "type": "github"
      }
    },
    "flake-utils_2": {
      "inputs": {
        "systems": "systems"
      },
      "locked": {
        "lastModified": 1681202837,
        "narHash": "sha256-H+Rh19JDwRtpVPAWp64F+rlEtxUWBAQW28eAi3SRSzg=",
        "owner": "numtide",
        "repo": "flake-utils",
        "rev": "cfacdce06f30d2b68473a46042957675eebb3401",
        "type": "github"
      },
      "original": {
        "owner": "numtide",
        "repo": "flake-utils",
        "type": "github"
      }
    },
    "gradient-generator": {
      "inputs": {
        "flake-utils": "flake-utils_2",
        "nixpkgs": [
          "nixpkgs"
        ],
        "poetry2nix": "poetry2nix"
      },
      "locked": {
        "lastModified": 1690456824,
        "narHash": "sha256-3cwWWad2pFcZlkG+Y/Jh65BohYDcFRa1m6Y0hrdYOos=",
        "ref": "refs/heads/master",
        "rev": "9f69a2ae5c27414f043493088bf904b7dff5ecec",
        "revCount": 81,
        "type": "git",
        "url": "ssh://git@github.com/Zumorica/gradient-generator"
      },
      "original": {
        "type": "git",
        "url": "ssh://git@github.com/Zumorica/gradient-generator"
      }
    },
    "gradient-moe": {
      "flake": false,
      "locked": {
        "lastModified": 1690456246,
        "narHash": "sha256-DZrpx95mYwbtz0XruIk+equtn8z45oSBjVAGskUcMDs=",
        "ref": "refs/heads/main",
        "rev": "35322ca3a718aa76cb2cf1b340bb697279c1e2f8",
        "revCount": 3,
        "type": "git",
        "url": "ssh://git@github.com/Zumorica/gradient.moe"
      },
      "original": {
        "type": "git",
        "url": "ssh://git@github.com/Zumorica/gradient.moe"
      }
    },
    "home-manager": {
      "inputs": {
        "nixpkgs": [
          "nixpkgs"
        ]
      },
      "locked": {
        "lastModified": 1689802112,
        "narHash": "sha256-Se7oHV/L0dHTQ4xp8MvYafaVdkSzF04Hx5NeloUYHtM=",
        "owner": "nix-community",
        "repo": "home-manager",
        "rev": "0cb3ac57fca6b52c42e4c0f560185540ae1dfb6c",
        "type": "github"
      },
      "original": {
        "owner": "nix-community",
        "ref": "master",
        "repo": "home-manager",
        "type": "github"
      }
    },
    "jovian-nixos": {
      "flake": false,
      "locked": {
        "lastModified": 1689533373,
        "narHash": "sha256-/eTz8SCXRw2DTWM1AwRt7jA3FeZBVZIqmVze67TcBjg=",
        "owner": "Jovian-Experiments",
        "repo": "Jovian-NixOS",
        "rev": "8a934c6ebf10d0a153f0b62d933f7946e67f610f",
        "type": "github"
      },
      "original": {
        "owner": "Jovian-Experiments",
        "repo": "Jovian-NixOS",
        "type": "github"
      }
    },
    "nix-gaming": {
      "inputs": {
        "flake-parts": "flake-parts",
        "nixpkgs": [
          "nixpkgs"
        ]
      },
      "locked": {
        "lastModified": 1689839462,
        "narHash": "sha256-4wN49WuK5VirFEBUaTvLxxf3JEA/VdPHa1OqwVnDIXQ=",
        "owner": "fufexan",
        "repo": "nix-gaming",
        "rev": "d10b39b3e525907d904854b86803cf4b102daed9",
        "type": "github"
      },
      "original": {
        "owner": "fufexan",
        "repo": "nix-gaming",
        "type": "github"
      }
    },
    "nixlib": {
      "locked": {
        "lastModified": 1689469483,
        "narHash": "sha256-2SBhY7rZQ/iNCxe04Eqxlz9YK9KgbaTMBssq3/BgdWY=",
        "owner": "nix-community",
        "repo": "nixpkgs.lib",
        "rev": "02fea408f27186f139153e1ae88f8ab2abd9c22c",
        "type": "github"
      },
      "original": {
        "owner": "nix-community",
        "repo": "nixpkgs.lib",
        "type": "github"
      }
    },
    "nixos-generators": {
      "inputs": {
        "nixlib": [
          "nixlib"
        ],
        "nixpkgs": [
          "nixpkgs"
        ]
      },
      "locked": {
        "lastModified": 1689558522,
        "narHash": "sha256-diNpqSRebzvT3P4fLX+40VWZbf2H2hraJDDdg5NJSj0=",
        "owner": "nix-community",
        "repo": "nixos-generators",
        "rev": "11c98929963a95ad3830960a9216d00e2f792502",
        "type": "github"
      },
      "original": {
        "owner": "nix-community",
        "repo": "nixos-generators",
        "type": "github"
      }
    },
    "nixos-hardware": {
      "locked": {
        "lastModified": 1690704397,
        "narHash": "sha256-sgIWjcz0e+x87xlKg324VtHgH55J5rIuFF0ZWRDvQoE=",
        "owner": "NixOS",
        "repo": "nixos-hardware",
        "rev": "96e5a0a0e8568c998135ea05575a9ed2c87f5492",
        "type": "github"
      },
      "original": {
        "owner": "NixOS",
        "ref": "master",
        "repo": "nixos-hardware",
        "type": "github"
      }
    },
    "nixpkgs": {
      "locked": {
        "lastModified": 1689679375,
        "narHash": "sha256-LHUC52WvyVDi9PwyL1QCpaxYWBqp4ir4iL6zgOkmcb8=",
        "owner": "NixOS",
        "repo": "nixpkgs",
        "rev": "684c17c429c42515bafb3ad775d2a710947f3d67",
        "type": "github"
      },
      "original": {
        "owner": "NixOS",
        "ref": "nixos-unstable",
        "repo": "nixpkgs",
        "type": "github"
      }
    },
    "nixpkgs-lib": {
      "locked": {
        "dir": "lib",
        "lastModified": 1688049487,
        "narHash": "sha256-100g4iaKC9MalDjUW9iN6Jl/OocTDtXdeAj7pEGIRh4=",
        "owner": "NixOS",
        "repo": "nixpkgs",
        "rev": "4bc72cae107788bf3f24f30db2e2f685c9298dc9",
        "type": "github"
      },
      "original": {
        "dir": "lib",
        "owner": "NixOS",
        "ref": "nixos-unstable",
        "repo": "nixpkgs",
        "type": "github"
      }
    },
    "nixpkgs-stable-2211": {
      "locked": {
        "lastModified": 1688392541,
        "narHash": "sha256-lHrKvEkCPTUO+7tPfjIcb7Trk6k31rz18vkyqmkeJfY=",
        "owner": "NixOS",
        "repo": "nixpkgs",
        "rev": "ea4c80b39be4c09702b0cb3b42eab59e2ba4f24b",
        "type": "github"
      },
      "original": {
        "owner": "NixOS",
        "ref": "nixos-22.11",
        "repo": "nixpkgs",
        "type": "github"
      }
    },
    "nixpkgs-stable-2305": {
      "locked": {
        "lastModified": 1689680872,
        "narHash": "sha256-brNix2+ihJSzCiKwLafbyejrHJZUP0Fy6z5+xMOC27M=",
        "owner": "NixOS",
        "repo": "nixpkgs",
        "rev": "08700de174bc6235043cb4263b643b721d936bdb",
        "type": "github"
      },
      "original": {
        "owner": "NixOS",
        "ref": "nixos-23.05",
        "repo": "nixpkgs",
        "type": "github"
      }
    },
    "poetry2nix": {
      "inputs": {
        "flake-utils": [
          "gradient-generator",
          "flake-utils"
        ],
        "nixpkgs": [
          "gradient-generator",
          "nixpkgs"
        ]
      },
      "locked": {
        "lastModified": 1683715241,
        "narHash": "sha256-KUSaXa0WA3fHI2vyTXCqmBsDD6zWDEp1qsEVIJw67f8=",
        "owner": "nix-community",
        "repo": "poetry2nix",
        "rev": "2bd1cf7ca40e3f48d25a0300adbf541e7c10a5ac",
        "type": "github"
      },
      "original": {
        "owner": "nix-community",
        "repo": "poetry2nix",
        "type": "github"
      }
    },
    "root": {
      "inputs": {
        "colmena": "colmena",
        "flake-compat": "flake-compat",
        "gradient-generator": "gradient-generator",
        "gradient-moe": "gradient-moe",
        "home-manager": "home-manager",
        "jovian-nixos": "jovian-nixos",
        "nix-gaming": "nix-gaming",
        "nixlib": "nixlib",
        "nixos-generators": "nixos-generators",
        "nixos-hardware": "nixos-hardware",
        "nixpkgs": "nixpkgs",
        "nixpkgs-stable-2211": "nixpkgs-stable-2211",
        "nixpkgs-stable-2305": "nixpkgs-stable-2305",
        "sops-nix": "sops-nix",
        "ss14-watchdog": "ss14-watchdog",
        "vdo-ninja": "vdo-ninja"
      }
    },
    "sops-nix": {
      "inputs": {
        "nixpkgs": [
          "nixpkgs"
        ],
        "nixpkgs-stable": [
          "nixpkgs-stable-2211"
        ]
      },
      "locked": {
        "lastModified": 1689534977,
        "narHash": "sha256-EB4hasmjKgetTR0My2bS5AwELZFIQ4zANLqHKi7aVXg=",
        "owner": "Mic92",
        "repo": "sops-nix",
        "rev": "bd695cc4d0a5e1bead703cc1bec5fa3094820a81",
        "type": "github"
      },
      "original": {
        "owner": "Mic92",
        "repo": "sops-nix",
        "type": "github"
      }
    },
    "ss14-watchdog": {
      "inputs": {
        "nixpkgs": [
          "nixpkgs"
        ]
      },
      "locked": {
        "lastModified": 1688559167,
        "narHash": "sha256-No6vvB8viPVleVtSvCAwpIvaDN2TR2MrxI41c4U1IXU=",
        "owner": "space-wizards",
        "repo": "SS14.Watchdog",
        "rev": "daf61b16f77fd128670f2c0e355d5a7dd198e7b2",
        "type": "github"
      },
      "original": {
        "owner": "space-wizards",
        "repo": "SS14.Watchdog",
        "type": "github"
      }
    },
    "systems": {
      "locked": {
        "lastModified": 1681028828,
        "narHash": "sha256-Vy1rq5AaRuLzOxct8nz4T6wlgyUR7zLU309k9mBC768=",
        "owner": "nix-systems",
        "repo": "default",
        "rev": "da67096a3b9bf56a91d16901293e51ba5b49a27e",
        "type": "github"
      },
      "original": {
        "owner": "nix-systems",
        "repo": "default",
        "type": "github"
      }
    },
    "vdo-ninja": {
      "flake": false,
      "locked": {
        "lastModified": 1689469546,
        "narHash": "sha256-txIqVzoAAS0+wdcdkA0aXUh9GRNwWcaNTV9OUowj44E=",
        "owner": "steveseguin",
        "repo": "vdo.ninja",
        "rev": "9bd5d39eb393524a378ee59e7dcffae82bb73380",
        "type": "github"
      },
      "original": {
        "owner": "steveseguin",
        "repo": "vdo.ninja",
        "type": "github"
      }
    }
  },
  "root": "root",
  "version": 7
}
