name: "Update flake lock"
on:
  workflow_dispatch:
  schedule:
    - cron: '0 0 * * 0'

jobs:
  lockfile:
    runs-on: ubuntu-latest
    steps:
      - name: Checkout repository
        uses: actions/checkout@v3
      - name: Setup SSH agent
        uses: webfactory/ssh-agent@v0.7.0
        with:
          ssh-private-key: ${{ secrets.SSH_PRIVATE_KEY }}
      - name: Install Nix
        uses: DeterminateSystems/nix-installer-action@v2
      - name: Update flake.lock
        uses: DeterminateSystems/update-flake-lock@v19
        with:
          pr-title: "Update flake.lock"
          pr-assignees: Zumorica
          pr-reviewers: Zumorica
          token: ${{ secrets.GH_TOKEN_FOR_UPDATES }}